
Microsoft Visual Studio Solution File, Format Version 12.00
# Visual Studio Version 17
VisualStudioVersion = 17.5.33209.295
MinimumVisualStudioVersion = 10.0.40219.1
Project("{FAE04EC0-301F-11D3-BF4B-00C04F79EFBC}") = "cookies-aspnetcore-mvc", "cookies-aspnetcore-mvc\cookies-aspnetcore-mvc.csproj", "{3CFA67C6-4C70-46A9-8B7C-D59306400AB3}"
EndProject
Global
	GlobalSection(SolutionConfigurationPlatforms) = preSolution
		Debug|Any CPU = Debug|Any CPU
		Release|Any CPU = Release|Any CPU
	EndGlobalSection
	GlobalSection(ProjectConfigurationPlatforms) = postSolution
		{3CFA67C6-4C70-46A9-8B7C-D59306400AB3}.Debug|Any CPU.ActiveCfg = Debug|Any CPU
		{3CFA67C6-4C70-46A9-8B7C-D59306400AB3}.Debug|Any CPU.Build.0 = Debug|Any CPU
		{3CFA67C6-4C70-46A9-8B7C-D59306400AB3}.Release|Any CPU.ActiveCfg = Release|Any CPU
		{3CFA67C6-4C70-46A9-8B7C-D59306400AB3}.Release|Any CPU.Build.0 = Release|Any CPU
	EndGlobalSection
	GlobalSection(SolutionProperties) = preSolution
		HideSolutionNode = FALSE
	EndGlobalSection
	GlobalSection(ExtensibilityGlobals) = postSolution
		SolutionGuid = {6E00B438-5170-43DD-8229-E398EE4CAA46}
	EndGlobalSection
EndGlobal
